
Microsoft Visual Studio Solution File, Format Version 12.00
# Visual Studio Version 16
VisualStudioVersion = 16.0.30204.135
MinimumVisualStudioVersion = 10.0.40219.1
Project("{FAE04EC0-301F-11D3-BF4B-00C04F79EFBC}") = "KEServiceV2", "KEServiceV2.csproj", "{231732BC-5D4D-4BF2-9B73-C7E0D9A960A0}"
EndProject
Global
	GlobalSection(SolutionConfigurationPlatforms) = preSolution
		Debug|Any CPU = Debug|Any CPU
		Release|Any CPU = Release|Any CPU
	EndGlobalSection
	GlobalSection(ProjectConfigurationPlatforms) = postSolution
		{231732BC-5D4D-4BF2-9B73-C7E0D9A960A0}.Debug|Any CPU.ActiveCfg = Debug|Any CPU
		{231732BC-5D4D-4BF2-9B73-C7E0D9A960A0}.Debug|Any CPU.Build.0 = Debug|Any CPU
		{231732BC-5D4D-4BF2-9B73-C7E0D9A960A0}.Release|Any CPU.ActiveCfg = Release|Any CPU
		{231732BC-5D4D-4BF2-9B73-C7E0D9A960A0}.Release|Any CPU.Build.0 = Release|Any CPU
	EndGlobalSection
	GlobalSection(SolutionProperties) = preSolution
		HideSolutionNode = FALSE
	EndGlobalSection
	GlobalSection(ExtensibilityGlobals) = postSolution
		SolutionGuid = {593EF339-9650-4E2C-8061-60074771837B}
	EndGlobalSection
EndGlobal
